
Microsoft Visual Studio Solution File, Format Version 12.00
# Visual Studio Version 16
VisualStudioVersion = 16.0.29709.97
MinimumVisualStudioVersion = 10.0.40219.1
Project("{FAE04EC0-301F-11D3-BF4B-00C04F79EFBC}") = "Exercicio_Contratos", "Exercicio_Contratos\Exercicio_Contratos.csproj", "{53DD917C-A566-4AFE-A6BE-E8DF623FFB4F}"
EndProject
Global
	GlobalSection(SolutionConfigurationPlatforms) = preSolution
		Debug|Any CPU = Debug|Any CPU
		Release|Any CPU = Release|Any CPU
	EndGlobalSection
	GlobalSection(ProjectConfigurationPlatforms) = postSolution
		{53DD917C-A566-4AFE-A6BE-E8DF623FFB4F}.Debug|Any CPU.ActiveCfg = Debug|Any CPU
		{53DD917C-A566-4AFE-A6BE-E8DF623FFB4F}.Debug|Any CPU.Build.0 = Debug|Any CPU
		{53DD917C-A566-4AFE-A6BE-E8DF623FFB4F}.Release|Any CPU.ActiveCfg = Release|Any CPU
		{53DD917C-A566-4AFE-A6BE-E8DF623FFB4F}.Release|Any CPU.Build.0 = Release|Any CPU
	EndGlobalSection
	GlobalSection(SolutionProperties) = preSolution
		HideSolutionNode = FALSE
	EndGlobalSection
	GlobalSection(ExtensibilityGlobals) = postSolution
		SolutionGuid = {C9CC70EC-C9FB-4216-9314-4EFBD11BEB06}
	EndGlobalSection
EndGlobal
